github.com/BurntSushi/freetype-go v0.0.0-20160129220410-b763ddbfe298/go.mod h1:D+QujdIlUNfa0igpNMk6UIvlb6C252URs4yupRUV4lQ=
github.com/BurntSushi/graphics-go v0.0.0-20160129215708-b43f31a4a966/go.mod h1:Mid70uvE93zn9wgF92A/r5ixgnvX8Lh68fxp9KQBaI0=
github.com/adrg/xdg v0.5.3 h1:xRnxJXne7+oWDatRhR1JLnvuccuIeCoBu2rtuLqQB78=
github.com/adrg/xdg v0.5.3/go.mod h1:nlTsY+NNiCBGCK2tpm09vRqfVzrc2fLmXGpBLF0zlTQ=
github.com/davecgh/go-spew v1.1.1 h1:vj9j/u1bqnvCEfJOwUhtlOARqs3+rkHYY13jYWTU97c=
github.com/davecgh/go-spew v1.1.1/go.mod h1:J7Y8YcW2NihsgmVo/mv3lAwl/skON4iLHjSsI+c5H38=
github.com/dblohm7/wingoes v0.0.0-20240820181039-f2b84150679e h1:L+XrFvD0vBIBm+Wf9sFN6aU395t7JROoai0qXZraA4U=
github.com/dblohm7/wingoes v0.0.0-20240820181039-f2b84150679e/go.mod h1:SUxUaAK/0UG5lYyZR1L1nC4AaYYvSSYTWQSH3FPcxKU=
github.com/dblohm7/wingoes v0.0.0-20250611174154-e3e096948d18 h1:1+ezXI2ZjiS8zenp08GFowF3zkVQ4j8/CPaALxqCBq0=
github.com/dblohm7/wingoes v0.0.0-20250611174154-e3e096948d18/go.mod h1:SUxUaAK/0UG5lYyZR1L1nC4AaYYvSSYTWQSH3FPcxKU=
github.com/disintegration/imaging v1.6.2 h1:w1LecBlG2Lnp8B3jk5zSuNqd7b4DXhcjwek1ei82L+c=
github.com/disintegration/imaging v1.6.2/go.mod h1:44/5580QXChDfwIclfc/PCwrr44amcmDAg8hxG0Ewe4=
github.com/dustin/go-humanize v1.0.1 h1:GzkhY7T5VNhEkwH0PVJgjz+fX1rhBrR7pRT3mDkpeCY=
github.com/dustin/go-humanize v1.0.1/go.mod h1:Mu1zIs6XwVuF/gI1OepvI0qD18qycQx+mFykh5fBlto=
github.com/ebitengine/oto/v3 v3.3.2 h1:VTWBsKX9eb+dXzaF4jEwQbs4yWIdXukJ0K40KgkpYlg=
github.com/ebitengine/oto/v3 v3.3.2/go.mod h1:MZeb/lwoC4DCOdiTIxYezrURTw7EvK/yF863+tmBI+U=
github.com/ebitengine/oto/v3 v3.3.3 h1:m6RV69OqoXYSWCDsHXN9rc07aDuDstGHtait7HXSM7g=
github.com/ebitengine/oto/v3 v3.3.3/go.mod h1:MZeb/lwoC4DCOdiTIxYezrURTw7EvK/yF863+tmBI+U=
github.com/ebitengine/purego v0.8.0 h1:JbqvnEzRvPpxhCJzJJ2y0RbiZ8nyjccVUrSM3q+GvvE=
github.com/ebitengine/purego v0.8.0/go.mod h1:iIjxzd6CiRiOG0UyXP+V1+jWqUXVjPKLAI0mRfJZTmQ=
github.com/ebitengine/purego v0.8.2 h1:jPPGWs2sZ1UgOSgD2bClL0MJIqu58nOmIcBuXr62z1I=
github.com/ebitengine/purego v0.8.2/go.mod h1:iIjxzd6CiRiOG0UyXP+V1+jWqUXVjPKLAI0mRfJZTmQ=
github.com/ebitengine/purego v0.8.4 h1:CF7LEKg5FFOsASUj0+QwaXf8Ht6TlFxg09+S9wz0omw=
github.com/ebitengine/purego v0.8.4/go.mod h1:iIjxzd6CiRiOG0UyXP+V1+jWqUXVjPKLAI0mRfJZTmQ=
github.com/evilsocket/islazy v1.11.0 h1:B5w6uuS6ki6iDG+aH/RFeoMb8ijQh/pGabewqp2UeJ0=
github.com/evilsocket/islazy v1.11.0/go.mod h1:muYH4x5MB5YRdkxnrOtrXLIBX6LySj1uFIqys94LKdo=
github.com/expr-lang/expr v1.16.9 h1:WUAzmR0JNI9JCiF0/ewwHB1gmcGw5wW7nWt8gc6PpCI=
github.com/expr-lang/expr v1.16.9/go.mod h1:8/vRC7+7HBzESEqt5kKpYXxrxkr31SaO8r40VO/1IT4=
github.com/expr-lang/expr v1.17.2 h1:o0A99O/Px+/DTjEnQiodAgOIK9PPxL8DtXhBRKC+Iso=
github.com/gen2brain/shm v0.1.1 h1:1cTVA5qcsUFixnDHl14TmRoxgfWEEZlTezpUj1vm5uQ=
github.com/gen2brain/shm v0.1.1/go.mod h1:UgIcVtvmOu+aCJpqJX7GOtiN7X2ct+TKLg4RTxwPIUA=
github.com/go-ole/go-ole v1.2.6/go.mod h1:pprOEPIfldk/42T2oK7lQ4v4JSDwmV0As9GaiUsvbm0=
github.com/go-ole/go-ole v1.3.0 h1:Dt6ye7+vXGIKZ7Xtk4s6/xVdGDQynvom7xCFEdWr6uE=
github.com/go-ole/go-ole v1.3.0/go.mod h1:5LS6F96DhAwUc7C+1HLexzMXY1xGRSryjyPPKW6zv78=
github.com/go-vgo/robotgo v0.110.5 h1:F3meroJVBPvxncoHX9ZoD1Gal+pYywu1MLPcJkN5oEw=
github.com/go-vgo/robotgo v0.110.5/go.mod h1:MzgZR4XAnlhBAe4ExLcJebisDUfbYoh3ekaP/s/XRqQ=
github.com/go-vgo/robotgo v0.110.8 h1:tWoUyqlZgDJ61bQju3WGSb/NIIfNV4TkYL3GFeWcHio=
github.com/go-vgo/robotgo v0.110.8/go.mod h1:45w33PzprtFncpw4cAt9SzMtSY9XnVfotu+RrCVN8JE=
github.com/godbus/dbus/v5 v5.1.0 h1:4KLkAxT3aOY8Li4FRJe/KvhoNFFxo0m6fNuFUO8QJUk=
github.com/godbus/dbus/v5 v5.1.0/go.mod h1:xhWf0FNVPg57R7Z0UbKHbJfkEywrmjJnf7w5xrFpKfA=
github.com/google/go-cmp v0.6.0 h1:ofyhxvXcZhMsU5ulbFiLKl/XBFqE1GSq7atu8tAmTRI=
github.com/google/go-cmp v0.6.0/go.mod h1:17dUlkBOakJ0+DkrSSNjCkIjxS6bF9zb3elmeNGIjoY=
github.com/google/uuid v1.6.0 h1:NIvaJDMOsjHA8n1jAhLSgzrAzy1Hgr+hNrb57e+94F0=
github.com/google/uuid v1.6.0/go.mod h1:TIyPZe4MgqvfeYDBFedMoGGpEw/LqOeaOT+nhxU+yHo=
github.com/gopxl/beep/v2 v2.1.1 h1:6FYIYMm2qPAdWkjX+7xwKrViS1x0Po5kDMdRkq8NVbU=
github.com/gopxl/beep/v2 v2.1.1/go.mod h1:ZAm9TGQ9lvpoiFLd4zf5B1IuyxZhgRACMId1XJbaW0E=
github.com/hajimehoshi/go-mp3 v0.3.4 h1:NUP7pBYH8OguP4diaTZ9wJbUbk3tC0KlfzsEpWmYj68=
github.com/hajimehoshi/go-mp3 v0.3.4/go.mod h1:fRtZraRFcWb0pu7ok0LqyFhCUrPeMsGRSVop0eemFmo=
github.com/hajimehoshi/oto/v2 v2.3.1/go.mod h1:seWLbgHH7AyUMYKfKYT9pg7PhUu9/SisyJvNTT+ASQo=
github.com/hashicorp/golang-lru/v2 v2.0.7 h1:a+bsQ5rvGLjzHuww6tVxozPZFVghXaHOwFs4luLUK2k=
github.com/hashicorp/golang-lru/v2 v2.0.7/go.mod h1:QeFd9opnmA6QUJc5vARoKUSoFhyfM2/ZepoAG6RGpeM=
github.com/jezek/xgb v1.1.1 h1:bE/r8ZZtSv7l9gk6nU0mYx51aXrvnyb44892TwSaqS4=
github.com/jezek/xgb v1.1.1/go.mod h1:nrhwO0FX/enq75I7Y7G8iN1ubpSGZEiA3v9e9GyRFlk=
github.com/kbinani/screenshot v0.0.0-20240820160931-a8a2c5d0e191 h1:5UHVWNX1qrIbNw7OpKbxe5bHkhHRk3xRKztMjERuCsU=
github.com/kbinani/screenshot v0.0.0-20240820160931-a8a2c5d0e191/go.mod h1:Pmpz2BLf55auQZ67u3rvyI2vAQvNetkK/4zYUmpauZQ=
github.com/kbinani/screenshot v0.0.0-20250624051815-089614a94018 h1:NQYgMY188uWrS+E/7xMVpydsI48PMHcc7SfR4OxkDF4=
github.com/kbinani/screenshot v0.0.0-20250624051815-089614a94018/go.mod h1:Pmpz2BLf55auQZ67u3rvyI2vAQvNetkK/4zYUmpauZQ=
github.com/lufia/plan9stats v0.0.0-20240909124753-873cd0166683 h1:7UMa6KCCMjZEMDtTVdcGu0B1GmmC7QJKiCCjyTAWQy0=
github.com/lufia/plan9stats v0.0.0-20240909124753-873cd0166683/go.mod h1:ilwx/Dta8jXAgpFYFvSWEMwxmbWXyiUHkd5FwyKhb5k=
github.com/lufia/plan9stats v0.0.0-20250317134145-8bc96cf8fc35 h1:PpXWgLPs+Fqr325bN2FD2ISlRRztXibcX6e8f5FR5Dc=
github.com/lufia/plan9stats v0.0.0-20250317134145-8bc96cf8fc35/go.mod h1:autxFIvghDt3jPTLoqZ9OZ7s9qTGNAWmYCjVFWPX/zg=
github.com/lxn/win v0.0.0-20210218163916-a377121e959e h1:H+t6A/QJMbhCSEH5rAuRxh+CtW96g0Or0Fxa9IKr4uc=
github.com/lxn/win v0.0.0-20210218163916-a377121e959e/go.mod h1:KxxjdtRkfNoYDCUP5ryK7XJJNTnpC8atvtmTheChOtk=
github.com/mat/besticon/v3 v3.18.0 h1:dEDT5cXp8s/UH4Gh2uWEmguxGexU7q22MKjBzZmfd70=
github.com/mat/besticon/v3 v3.18.0/go.mod h1:J8y+A9X0Oxxsq5+gaeIzn5/6XcJe1rsnhpFOXsq9/6A=
github.com/mattn/go-isatty v0.0.20 h1:xfD0iDuEKnDkl03q4limB+vH+GxLEtL/jb4xVJSWWEY=
github.com/mattn/go-isatty v0.0.20/go.mod h1:W+V8PltTTMOvKvAeJH7IuucS94S2C6jfK/D7dTCTo3Y=
github.com/mattn/go-sqlite3 v1.14.24 h1:tpSp2G2KyMnnQu99ngJ47EIkWVmliIizyZBfPrBWDRM=
github.com/mattn/go-sqlite3 v1.14.24/go.mod h1:Uh1q+B4BYcTPb+yiD3kU8Ct7aC0hY9fxUwlHK0RXw+Y=
github.com/mattn/go-sqlite3 v1.14.28 h1:ThEiQrnbtumT+QMknw63Befp/ce/nUPgBPMlRFEum7A=
github.com/mattn/go-sqlite3 v1.14.28/go.mod h1:Uh1q+B4BYcTPb+yiD3kU8Ct7aC0hY9fxUwlHK0RXw+Y=
github.com/ncruces/go-strftime v0.1.9 h1:bY0MQC28UADQmHmaF5dgpLmImcShSi2kHU9XLdhx/f4=
github.com/ncruces/go-strftime v0.1.9/go.mod h1:Fwc5htZGVVkseilnfgOVb9mKy6w1naJmn9CehxcKcls=
github.com/nfnt/resize v0.0.0-20180221191011-83c6a9932646 h1:zYyBkD/k9seD2A7fsi6Oo2LfFZAehjjQMERAvZLEDnQ=
github.com/nfnt/resize v0.0.0-20180221191011-83c6a9932646/go.mod h1:jpp1/29i3P1S/RLdc7JQKbRpFeM1dOBd8T9ki5s+AY8=
github.com/otiai10/gosseract v2.2.1+incompatible h1:Ry5ltVdpdp4LAa2bMjsSJH34XHVOV7XMi41HtzL8X2I=
github.com/otiai10/gosseract v2.2.1+incompatible/go.mod h1:XrzWItCzCpFRZ35n3YtVTgq5bLAhFIkascoRo8G32QE=
github.com/otiai10/mint v1.6.3 h1:87qsV/aw1F5as1eH1zS/yqHY85ANKVMgkDrf9rcxbQs=
github.com/otiai10/mint v1.6.3/go.mod h1:MJm72SBthJjz8qhefc4z1PYEieWmy8Bku7CjcAqyUSM=
github.com/pkg/errors v0.9.1 h1:FEBLx1zS214owpjy7qsBeixbURkuhQAwrK5UwLGTwt4=
github.com/pkg/errors v0.9.1/go.mod h1:bwawxfHBFNV+L2hUp1rHADufV3IMtnDRdf1r5NINEl0=
github.com/pmezard/go-difflib v1.0.0 h1:4DBwDE0NGyQoBHbLQYPwSUPoCMWR5BEzIk/f1lZbAQM=
github.com/pmezard/go-difflib v1.0.0/go.mod h1:iKH77koFhYxTK1pcRnkKkqfTogsbg7gZNVY4sRDYZ/4=
github.com/power-devops/perfstat v0.0.0-20240221224432-82ca36839d55 h1:o4JXh1EVt9k/+g42oCprj/FisM4qX9L3sZB3upGN2ZU=
github.com/power-devops/perfstat v0.0.0-20240221224432-82ca36839d55/go.mod h1:OmDBASR4679mdNQnz2pUhc2G8CO2JrUAVFDRBDP/hJE=
github.com/remyoudompheng/bigfft v0.0.0-20230129092748-24d4a6f8daec h1:W09IVJc94icq4NjY3clb7Lk8O1qJ8BdBEF8z0ibU0rE=
github.com/remyoudompheng/bigfft v0.0.0-20230129092748-24d4a6f8daec/go.mod h1:qqbHyh8v60DhA7CoWK5oRCqLrMHRGoxYCSS9EjAz6Eo=
github.com/robotn/gohook v0.42.0 h1:y241yJtt1JvObVwoS2kXJ5OsoIsOoVkp/SPqmCAUhJg=
github.com/robotn/gohook v0.42.0/go.mod h1:PYgH0f1EaxhCvNSqIVTfo+SIUh1MrM2Uhe2w7SvFJDE=
github.com/robotn/gohook v0.42.2 h1:AI9OVh5o59c76jp9Xcc4NpIvze2YeKX1Rn8JvflAUXY=
github.com/robotn/gohook v0.42.2/go.mod h1:PYgH0f1EaxhCvNSqIVTfo+SIUh1MrM2Uhe2w7SvFJDE=
github.com/robotn/xgb v0.0.0-20190912153532-2cb92d044934/go.mod h1:SxQhJskUJ4rleVU44YvnrdvxQr0tKy5SRSigBrCgyyQ=
github.com/robotn/xgb v0.10.0 h1:O3kFbIwtwZ3pgLbp1h5slCQ4OpY8BdwugJLrUe6GPIM=
github.com/robotn/xgb v0.10.0/go.mod h1:SxQhJskUJ4rleVU44YvnrdvxQr0tKy5SRSigBrCgyyQ=
github.com/robotn/xgbutil v0.10.0 h1:gvf7mGQqCWQ68aHRtCxgdewRk+/KAJui6l3MJQQRCKw=
github.com/robotn/xgbutil v0.10.0/go.mod h1:svkDXUDQjUiWzLrA0OZgHc4lbOts3C+uRfP6/yjwYnU=
github.com/shirou/gopsutil/v4 v4.24.9 h1:KIV+/HaHD5ka5f570RZq+2SaeFsb/pq+fp2DGNWYoOI=
github.com/shirou/gopsutil/v4 v4.24.9/go.mod h1:3fkaHNeYsUFCGZ8+9vZVWtbyM1k2eRnlL+bWO8Bxa/Q=
github.com/shirou/gopsutil/v4 v4.25.6 h1:kLysI2JsKorfaFPcYmcJqbzROzsBWEOAtw6A7dIfqXs=
github.com/shirou/gopsutil/v4 v4.25.6/go.mod h1:PfybzyydfZcN+JMMjkF6Zb8Mq1A/VcogFFg7hj50W9c=
github.com/stretchr/testify v1.10.0 h1:Xv5erBjTwe/5IxqUQTdXv5kgmIvbHo3QQyRwhJsOfJA=
github.com/stretchr/testify v1.10.0/go.mod h1:r2ic/lqez/lEtzL7wO/rwa5dbSLXVDPFyf8C91i36aY=
github.com/tailscale/win v0.0.0-20240926211701-28f7e73c7afb h1:5C+a9Lxq5GYIxsAF8JsMOlZ90+bOFSUQJ8J6XVk4vUM=
github.com/tailscale/win v0.0.0-20240926211701-28f7e73c7afb/go.mod h1:aMd4yDHLjbOuYP6fMxj1d9ACDQlSWwYztcpybGHCQc8=
github.com/tailscale/win v0.0.0-20250627215312-f4da2b8ee071 h1:qo7kOhoN5DHioXNlFytBzIoA5glW6lsb8YqV0lP3IyE=
github.com/tailscale/win v0.0.0-20250627215312-f4da2b8ee071/go.mod h1:aMd4yDHLjbOuYP6fMxj1d9ACDQlSWwYztcpybGHCQc8=
github.com/tc-hib/winres v0.2.1 h1:YDE0FiP0VmtRaDn7+aaChp1KiF4owBiJa5l964l5ujA=
github.com/tc-hib/winres v0.2.1/go.mod h1:C/JaNhH3KBvhNKVbvdlDWkbMDO9H4fKKDaN7/07SSuk=
github.com/tklauser/go-sysconf v0.3.14 h1:g5vzr9iPFFz24v2KZXs/pvpvh8/V9Fw6vQK5ZZb78yU=
github.com/tklauser/go-sysconf v0.3.14/go.mod h1:1ym4lWMLUOhuBOPGtRcJm7tEGX4SCYNEEEtghGG/8uY=
github.com/tklauser/go-sysconf v0.3.15 h1:VE89k0criAymJ/Os65CSn1IXaol+1wrsFHEB8Ol49K4=
github.com/tklauser/go-sysconf v0.3.15/go.mod h1:Dmjwr6tYFIseJw7a3dRLJfsHAMXZ3nEnL/aZY+0IuI4=
github.com/tklauser/numcpus v0.9.0 h1:lmyCHtANi8aRUgkckBgoDk1nHCux3n2cgkJLXdQGPDo=
github.com/tklauser/numcpus v0.9.0/go.mod h1:SN6Nq1O3VychhC1npsWostA+oW+VOQTxZrS604NSRyI=
github.com/tklauser/numcpus v0.10.0 h1:18njr6LDBk1zuna922MgdjQuJFjrdppsZG60sHGfjso=
github.com/tklauser/numcpus v0.10.0/go.mod h1:BiTKazU708GQTYF4mB+cmlpT2Is1gLk7XVuEeem8LsQ=
github.com/vcaesar/gops v0.40.0 h1:I+1RCGiV+LkZJUYNzAd373xs0uM2UyeFdZBmow8HfCM=
github.com/vcaesar/gops v0.40.0/go.mod h1:3u/USW7JovqUK6i13VOD3qWfvXXd2TIIKE4PYIv4TOM=
github.com/vcaesar/gops v0.41.0 h1:FG748Jyw3FOuZnbzSgB+CQSx2e5LbLCPWV2JU1brFdc=
github.com/vcaesar/gops v0.41.0/go.mod h1:/3048L7Rj7QjQKTSB+kKc7hDm63YhTWy5QJ10TCP37A=
github.com/vcaesar/imgo v0.40.2 h1:5GWScRLdBCMtO1v2I1bs+ZmDLZFINxYSMZ+mtUw5qPM=
github.com/vcaesar/imgo v0.40.2/go.mod h1:MVCl+FxHI2gTgmiHoi0n5xNCbYcfv9SVtdEOUC92+eo=
github.com/vcaesar/imgo v0.41.0 h1:kNLYGrThXhB9Dd6IwFmfPnxq9P6yat2g7dpPjr7OWO8=
github.com/vcaesar/imgo v0.41.0/go.mod h1:/LGOge8etlzaVu/7l+UfhJxR6QqaoX5yeuzGIMfWb4I=
github.com/vcaesar/keycode v0.10.1 h1:0DesGmMAPWpYTCYddOFiCMKCDKgNnwiQa2QXindVUHw=
github.com/vcaesar/keycode v0.10.1/go.mod h1:JNlY7xbKsh+LAGfY2j4M3znVrGEm5W1R8s/Uv6BJcfQ=
github.com/vcaesar/screenshot v0.11.1 h1:GgPuN89XC4Yh38dLx4quPlSo3YiWWhwIria/j3LtrqU=
github.com/vcaesar/screenshot v0.11.1/go.mod h1:gJNwHBiP1v1v7i8TQ4yV1XJtcyn2I/OJL7OziVQkwjs=
github.com/vcaesar/tt v0.20.1 h1:D/jUeeVCNbq3ad8M7hhtB3J9x5RZ6I1n1eZ0BJp7M+4=
github.com/vcaesar/tt v0.20.1/go.mod h1:cH2+AwGAJm19Wa6xvEa+0r+sXDJBT0QgNQey6mwqLeU=
github.com/yusufpapurcu/wmi v1.2.4 h1:zFUKzehAFReQwLys1b/iSMl+JQGSCSjtVqQn9bBrPo0=
github.com/yusufpapurcu/wmi v1.2.4/go.mod h1:SBZ9tNy3G9/m5Oi98Zks0QjeHVDvuK0qfxQmPyzfmi0=
golang.org/x/exp v0.0.0-20241004190924-225e2abe05e6 h1:1wqE9dj9NpSm04INVsJhhEUzhuDVjbcyKH91sVyPATw=
golang.org/x/exp v0.0.0-20241004190924-225e2abe05e6/go.mod h1:NQtJDoLvd6faHhE7m4T/1IY708gDefGGjR/iUW8yQQ8=
golang.org/x/exp v0.0.0-20250408133849-7e4ce0ab07d0 h1:R84qjqJb5nVJMxqWYb3np9L5ZsaDtB+a39EqjV0JSUM=
golang.org/x/exp v0.0.0-20250408133849-7e4ce0ab07d0/go.mod h1:S9Xr4PYopiDyqSyp5NjCrhFrqg6A5zA2E/iPHPhqnS8=
golang.org/x/exp v0.0.0-20250718183923-645b1fa84792 h1:R9PFI6EUdfVKgwKjZef7QIwGcBKu86OEFpJ9nUEP2l4=
golang.org/x/exp v0.0.0-20250718183923-645b1fa84792/go.mod h1:A+z0yzpGtvnG90cToK5n2tu8UJVP2XUATh+r+sfOOOc=
golang.org/x/image v0.0.0-20191009234506-e7c1f5e7dbb8/go.mod h1:FeLwcggjj3mMvU+oOTbSwawSJRM1uh48EjtB4UJZlP0=
golang.org/x/image v0.21.0 h1:c5qV36ajHpdj4Qi0GnE0jUc/yuo33OLFaa0d+crTD5s=
golang.org/x/image v0.21.0/go.mod h1:vUbsLavqK/W303ZroQQVKQ+Af3Yl6Uz1Ppu5J/cLz78=
golang.org/x/image v0.26.0 h1:4XjIFEZWQmCZi6Wv8BoxsDhRU3RVnLX04dToTDAEPlY=
golang.org/x/image v0.26.0/go.mod h1:lcxbMFAovzpnJxzXS3nyL83K27tmqtKzIJpctK8YO5c=
golang.org/x/image v0.29.0 h1:HcdsyR4Gsuys/Axh0rDEmlBmB68rW1U9BUdB3UVHsas=
golang.org/x/image v0.29.0/go.mod h1:RVJROnf3SLK8d26OW91j4FrIHGbsJ8QnbEocVTOWQDA=
golang.org/x/mod v0.21.0 h1:vvrHzRwRfVKSiLrG+d4FMl/Qi4ukBCE6kZlTUkDYRT0=
golang.org/x/mod v0.21.0/go.mod h1:6SkKJ3Xj0I0BrPOZoBy3bdMptDDU9oJrpohJ3eWZ1fY=
golang.org/x/net v0.29.0 h1:5ORfpBpCs4HzDYoodCDBbwHzdR5UrLBZ3sOnUJmFoHo=
golang.org/x/net v0.29.0/go.mod h1:gLkgy8jTGERgjzMic6DS9+SP0ajcu6Xu3Orq/SpETg0=
golang.org/x/net v0.39.0 h1:ZCu7HMWDxpXpaiKdhzIfaltL9Lp31x/3fCP11bc6/fY=
golang.org/x/net v0.39.0/go.mod h1:X7NRbYVEA+ewNkCNyJ513WmMdQ3BineSwVtN2zD/d+E=
golang.org/x/net v0.42.0 h1:jzkYrhi3YQWD6MLBJcsklgQsoAcw89EcZbJw8Z614hs=
golang.org/x/net v0.42.0/go.mod h1:FF1RA5d3u7nAYA4z2TkclSCKh68eSXtiFwcWQpPXdt8=
golang.org/x/sync v0.8.0 h1:3NFvSEYkUoMifnESzZl15y791HH1qU2xm6eCJU5ZPXQ=
golang.org/x/sync v0.8.0/go.mod h1:Czt+wKu1gCyEFDUtn0jG5QVvpJ6rzVqr5aXyt9drQfk=
golang.org/x/sys v0.0.0-20190916202348-b4ddaad3f8a3/go.mod h1:h1NjWce9XRLGQEsW7wpKNCjG9DtNlClVuFLEZdDNbEs=
golang.org/x/sys v0.0.0-20201018230417-eeed37f84f13/go.mod h1:h1NjWce9XRLGQEsW7wpKNCjG9DtNlClVuFLEZdDNbEs=
golang.org/x/sys v0.0.0-20201204225414-ed752295db88/go.mod h1:h1NjWce9XRLGQEsW7wpKNCjG9DtNlClVuFLEZdDNbEs=
golang.org/x/sys v0.0.0-20220712014510-0a85c31ab51e/go.mod h1:oPkhp1MJrh7nUepCBck5+mAzfO9JrbApNNgaTdGDITg=
golang.org/x/sys v0.1.0/go.mod h1:oPkhp1MJrh7nUepCBck5+mAzfO9JrbApNNgaTdGDITg=
golang.org/x/sys v0.6.0/go.mod h1:oPkhp1MJrh7nUepCBck5+mAzfO9JrbApNNgaTdGDITg=
golang.org/x/sys v0.28.0 h1:Fksou7UEQUWlKvIdsqzJmUmCX3cZuD2+P3XyyzwMhlA=
golang.org/x/sys v0.28.0/go.mod h1:/VUhepiaJMQUp4+oa/7Zr1D23ma6VTLIYjOOTFZPUcA=
golang.org/x/sys v0.33.0 h1:q3i8TbbEz+JRD9ywIRlyRAQbM0qF7hu24q3teo2hbuw=
golang.org/x/sys v0.33.0/go.mod h1:BJP2sWEmIv4KK5OTEluFJCKSidICx8ciO85XgH3Ak8k=
golang.org/x/sys v0.34.0 h1:H5Y5sJ2L2JRdyv7ROF1he/lPdvFsd0mJHFw2ThKHxLA=
golang.org/x/sys v0.34.0/go.mod h1:BJP2sWEmIv4KK5OTEluFJCKSidICx8ciO85XgH3Ak8k=
golang.org/x/text v0.3.0/go.mod h1:NqM8EUOU14njkJ3fqMW+pc6Ldnwhi/IjpwHt7yyuwOQ=
golang.org/x/tools v0.26.0 h1:v/60pFQmzmT9ExmjDv2gGIfi3OqfKoEP6I5+umXlbnQ=
golang.org/x/tools v0.26.0/go.mod h1:TPVVj70c7JJ3WCazhD8OdXcZg/og+b9+tH/KxylGwH0=
gopkg.in/yaml.v3 v3.0.1 h1:fxVm/GzAzEWqLHuvctI91KS9hhNmmWOoWu0XTYJS7CA=
gopkg.in/yaml.v3 v3.0.1/go.mod h1:K4uyk7z7BCEPqu6E+C64Yfv1cQ7kz7rIZviUmN+EgEM=
modernc.org/cc/v4 v4.24.4 h1:TFkx1s6dCkQpd6dKurBNmpo+G8Zl4Sq/ztJ+2+DEsh0=
modernc.org/cc/v4 v4.24.4/go.mod h1:uVtb5OGqUKpoLWhqwNQo/8LwvoiEBLvZXIQ/SmO6mL0=
modernc.org/cc/v4 v4.26.1 h1:+X5NtzVBn0KgsBCBe+xkDC7twLb/jNVj9FPgiwSQO3s=
modernc.org/cc/v4 v4.26.2 h1:991HMkLjJzYBIfha6ECZdjrIYz2/1ayr+FL8GN+CNzM=
modernc.org/ccgo/v4 v4.23.16 h1:Z2N+kk38b7SfySC1ZkpGLN2vthNJP1+ZzGZIlH7uBxo=
modernc.org/ccgo/v4 v4.23.16/go.mod h1:nNma8goMTY7aQZQNTyN9AIoJfxav4nvTnvKThAeMDdo=
modernc.org/ccgo/v4 v4.28.0 h1:rjznn6WWehKq7dG4JtLRKxb52Ecv8OUGah8+Z/SfpNU=
modernc.org/egg v0.1.9 h1:5EyU176ceKNjN9q8pupNARjFwBaeu+HDRNAfXobI7DI=
modernc.org/egg v0.1.9/go.mod h1:6RXhNTMWXWEKOH95iU5opG+OyDdpyF6H0QY8gnMAtpg=
modernc.org/fileutil v1.3.0 h1:gQ5SIzK3H9kdfai/5x41oQiKValumqNTDXMvKo62HvE=
modernc.org/fileutil v1.3.0/go.mod h1:XatxS8fZi3pS8/hKG2GH/ArUogfxjpEKs3Ku3aK4JyQ=
modernc.org/fileutil v1.3.6 h1:EHEF6RmvbML7VDJBq9p7g8u/Uq+4Kou3INhf/pMCV2I=
modernc.org/fileutil v1.3.6/go.mod h1:HxmghZSZVAz/LXcMNwZPA/DRrQZEVP9VX0V4LQGQFOc=
modernc.org/fileutil v1.3.8 h1:qtzNm7ED75pd1C7WgAGcK4edm4fvhtBsEiI/0NQ54YM=
modernc.org/fileutil v1.3.8/go.mod h1:HxmghZSZVAz/LXcMNwZPA/DRrQZEVP9VX0V4LQGQFOc=
modernc.org/fsm v1.3.2 h1:f58HBydnAmLhugDKOlNniDYfKRcOH/3T4xQTO1AZXag=
modernc.org/fsm v1.3.2/go.mod h1:5eK6OWqnX8io83LPfzIlNnUrkpxN/r1ONq3wVi8kvio=
modernc.org/gc/v2 v2.6.3 h1:aJVhcqAte49LF+mGveZ5KPlsp4tdGdAOT4sipJXADjw=
modernc.org/gc/v2 v2.6.3/go.mod h1:YgIahr1ypgfe7chRuJi2gD7DBQiKSLMPgBQe9oIiito=
modernc.org/gc/v2 v2.6.5 h1:nyqdV8q46KvTpZlsw66kWqwXRHdjIlJOhG6kxiV/9xI=
modernc.org/gc/v3 v3.0.0-20241004144649-1aea3fae8852 h1:IYXPPTTjjoSHvUClZIYexDiO7g+4x+XveKT4gCIAwiY=
modernc.org/gc/v3 v3.0.0-20241004144649-1aea3fae8852/go.mod h1:Qz0X07sNOR1jWYCrJMEnbW/X55x206Q7Vt4mz6/wHp4=
modernc.org/gc/v3 v3.1.0 h1:CiObI+9ROz7pjjH3iAgMPaFCN5zE3sN5KF4jet8BWdc=
modernc.org/gc/v3 v3.1.0/go.mod h1:HFK/6AGESC7Ex+EZJhJ2Gni6cTaYpSMmU/cT9RmlfYY=
modernc.org/knuth v0.5.4 h1:F8mDs7ME3oN9eyx01n6/xVmJ4F5U/qEhSYPnPXaZrps=
modernc.org/knuth v0.5.4/go.mod h1:e5SBb35HQBj2aFwbBO3ClPcViLY3Wi0LzaOd7c/3qMk=
modernc.org/knuth v0.5.5 h1:6lap2U/ISm8aC/4NU58ALFCRllNPaK0EZcIGY/oDgUg=
modernc.org/knuth v0.5.5/go.mod h1:e5SBb35HQBj2aFwbBO3ClPcViLY3Wi0LzaOd7c/3qMk=
modernc.org/libX11 v0.11.2 h1:tAqv1KVQEDhBqQ/1gfSmEAQtAoOjteOTHZZoiB7AfUQ=
modernc.org/libX11 v0.11.2/go.mod h1:3AuhC2yIZnqs345bgkN09wZkQxftMkh0VxzG5hlGMHU=
modernc.org/libX11 v0.11.20 h1:ThewC4BO2RhMCdFCxrZa0icx/UijArab8R50Po30wmQ=
modernc.org/libX11 v0.11.20/go.mod h1:ZKmsVRttIeYpa+4EXl4LPc83O25S2OIbUmcn0U15MtI=
modernc.org/libXau v0.9.2 h1:zvsrhQm4LZxp9s+PmH4cU3bHtwx8D2N1ZosdOGFgAIw=
modernc.org/libXau v0.9.2/go.mod h1:W7rrXkzskKX3CCFdNkoBoj1MIIxbLLG3zyO7uOdKT1o=
modernc.org/libXau v0.9.15 h1:erNjsLtSZ/9D015erwJbHeDsutkT6LEOON+VI8YuLb0=
modernc.org/libXau v0.9.15/go.mod h1:LGo6mRHOYNa4ym1ttCifNrWiFc1neZfcfDfgGdy7+tM=
modernc.org/libXau v0.9.18 h1:fT+0QFaNtx0QUNQMHBqyXBjFGnc5fs2qAco0OP8fSgQ=
modernc.org/libXau v0.9.18/go.mod h1:XVAMd9Z6TWlRQx34FCHCR3Hhh9QXgvWsfNL3yETGc4U=
modernc.org/libXdmcp v0.12.0 h1:ZjEkqq0oMPJLSIHf3sGTyWZAaN3pufx1FxieH8ahujA=
modernc.org/libXdmcp v0.12.0/go.mod h1:vGEvyhpeH8Tq8t813RNeyMRODJ0Wxlwg9Avy1TC3DK4=
modernc.org/libXdmcp v0.12.14 h1:plw/jQFUFpNCEjyV+BzCHr/16LnjiHx/RxzNK0p1B3w=
modernc.org/libXdmcp v0.12.14/go.mod h1:f7BBFOuCpELPBj5YrDf5JXIuXzIHUncB1mRObDLCj8Y=
modernc.org/libXdmcp v0.12.18 h1:CA4GtYAv17RRfgsWRRi1jAUotYzev2FLhz3wMLzz2wQ=
modernc.org/libXdmcp v0.12.18/go.mod h1:KACNhfqpme4rL8JJLf3g1BPd/wpytOM3qj7JgDQONpg=
modernc.org/libXft v0.10.0 h1:CtttMuQsmLbXg+IPYVxQHJXsGVLMn3WsKIXr8e/TDKo=
modernc.org/libXft v0.10.0/go.mod h1:z+VNTTc3Lmtzn4FcpueZkoHGlhXkMReyLcfTFfERxCE=
modernc.org/libXft v0.10.20 h1:pIwtpSe7lNdpW7Z8O++1HRRxYjD6BZ1y+IRjoUlrqO8=
modernc.org/libXft v0.10.20/go.mod h1:o+lwEiD/LlQClli4XbxpoWLVcFLx6pjJ5ndiCRFHv4M=
modernc.org/libXft v0.10.23 h1:MKG0CsHXd919nZ1ir3d1gJTvwPZGL/88ttFs3WjuPmw=
modernc.org/libXft v0.10.23/go.mod h1:OIw6D7mDK/zA4UtS42zVRPSkO/t6a9VSsQTc1oYswpA=
modernc.org/libXrender v0.9.0 h1:JDLYImH30B2f1HYM0gMN+RArkyL37I4/3PkgE40dMGY=
modernc.org/libXrender v0.9.0/go.mod h1:b41LOnUnhzdqU0Nn5b/HL6F+JvIS5rD58FOQXDgNQBY=
modernc.org/libXrender v0.9.19 h1:vSwtL3vOMC3A076HlaF7dy5mc+yf4P/f1HmLtXvffg8=
modernc.org/libXrender v0.9.19/go.mod h1:NDgwh1AvrCYcBDMrxqERyaS0Xei+klRIfovnrxzR9JE=
modernc.org/libXrender v0.9.21 h1:xXUTWk0pD0nROM+i6o3OSvD54rCdGQwFeOCHnkP/O1g=
modernc.org/libXrender v0.9.21/go.mod h1:CLbd+5IHQhbmbTiCwyuUe9yym7GGYRg0fwDOOznMqxY=
modernc.org/libbsd v0.11.1 h1:fitxx6pR7qCmKiyguiaSd3sNluE3Upb5CqoSQKWAfo4=
modernc.org/libbsd v0.11.1/go.mod h1:FEVwPCCWsF7E3aZ5r7r4VeRullGyYucA6aTgk5HNTRY=
modernc.org/libbsd v0.11.10 h1:BYRxR4L7paz3UPreS1PuKB08vULCIGcHX3GA4bBpwzQ=
modernc.org/libbsd v0.11.10/go.mod h1:NdciOdGkUDnB93ld9/nxlNG8yKhTGr6BzNGzlPErqtI=
modernc.org/libbsd v0.11.16 h1:KTLNGj0S8HMkso8CWKNQNVZf3ZEZw3SaRjHs4+xZdLI=
modernc.org/libbsd v0.11.16/go.mod h1:/etu25pquyGZrg+5JFCB2KKaio5tel0q9rKr44eCw58=
modernc.org/libc v1.61.13 h1:3LRd6ZO1ezsFiX1y+bHd1ipyEHIJKvuprv0sLTBwLW8=
modernc.org/libc v1.61.13/go.mod h1:8F/uJWL/3nNil0Lgt1Dpz+GgkApWh04N3el3hxJcA6E=
modernc.org/libc v1.65.8 h1:7PXRJai0TXZ8uNA3srsmYzmTyrLoHImV5QxHeni108Q=
modernc.org/libc v1.65.8/go.mod h1:011EQibzzio/VX3ygj1qGFt5kMjP0lHb0qCW5/D/pQU=
modernc.org/libc v1.66.3 h1:cfCbjTUcdsKyyZZfEUKfoHcP3S0Wkvz3jgSzByEWVCQ=
modernc.org/libc v1.66.3/go.mod h1:XD9zO8kt59cANKvHPXpx7yS2ELPheAey0vjIuZOhOU8=
modernc.org/libexpat v0.10.2 h1:apvlWGtS3cn61Z24isCvCLU4t1NWAUOBWTA2KMNvVzc=
modernc.org/libexpat v0.10.2/go.mod h1:OJbzff11GOxEfSSy3ofxGn0vrkpAWN0YLvTTLthe4Lw=
modernc.org/libexpat v0.10.12 h1:SNjo4U5z7Uu01qId6RTDH5uYT1+T94Z1JJ0s8g1FB2o=
modernc.org/libexpat v0.10.12/go.mod h1:E4er4v37XcC813LkDSqbt7SB1Jj071/ceIorg1kRjzI=
modernc.org/libexpat v0.10.16 h1:pOJwnRBGAVJ8CXWuyv5IlFgpmYuQa/0oWpPoSUzUXn0=
modernc.org/libexpat v0.10.16/go.mod h1:ZdiUY/7/CJGyqBrZ+F5Xku8JjDKPBhQMYfXaLxGGv1Y=
modernc.org/libfontconfig v0.8.2 h1:OvllZZfoE/7WrtzO8HHaQn9YS6JZlSUdkAY3nL+od6Y=
modernc.org/libfontconfig v0.8.2/go.mod h1:xQ59wWxiqkxaAIg+hH+6u+b9B0uu7njWDV4UnoXrDYE=
modernc.org/libfontconfig v0.8.11 h1:Tqz8Ooi0qgLvD6JUbNzamqlyOwq3NPAE2N4cOF3ymYw=
modernc.org/libfontconfig v0.8.11/go.mod h1:jQaZKgJBVGmupcOKGH8C1rGr/T+VftwG/idM3cycwKY=
modernc.org/libfreetype v0.9.1 h1:OS57DE3q1dSTAfOz2O0dw2w5zDx3oax8BUNaHQB0DGU=
modernc.org/libfreetype v0.9.1/go.mod h1:7MEdxlU7xIIQ1k5MQYGe0C7BfKuXwVW1i5G9fQDbRSE=
modernc.org/libfreetype v0.9.21 h1:OwgH/b4zDoa7FpZBtLP8HPEXrD2hBcNbQaYLU7xPuKw=
modernc.org/libfreetype v0.9.21/go.mod h1:lsb1FQl3MnnX/eRCAL6WybKOQyNmw7ESMWLvtT3JVPA=
modernc.org/libmd v0.12.0 h1:aAvpjpr7FJUrO14hghEB5QK7Prvl6Cbf7D8vSswxojE=
modernc.org/libmd v0.12.0/go.mod h1:QQBOHm77lZsemt1VbO7fQhDUYO0/dy5KR1nLVm5YvLY=
modernc.org/libmd v0.12.17 h1:bWo6Gb3kBiYKxOeRvhISd/VJZUejYydnEH5u9osinU0=
modernc.org/libmd v0.12.17/go.mod h1:AIRFRz1/xNBhwspSuxtFfrb8yRJfn2o66re0ZtRBxCo=
modernc.org/libmd v0.12.22 h1:m8OS022HAhpLyMktEUOsN9RqX++6kijf0Y5sYimDhZM=
modernc.org/libmd v0.12.22/go.mod h1:xQbq6TuUkgb7FloFnsdP+gqLaCihRBFUFvrGsiI1gh4=
modernc.org/libtcl9.0 v0.15.1 h1:DM9nzm+VPFeEpPYYSLfRif9vneEklR9/OCkrabMdrbw=
modernc.org/libtcl9.0 v0.15.1/go.mod h1:WVZziJEB6DHMOG7nTfRXKzOzFF9dfdI6aA/GkpffgXg=
modernc.org/libtcl9.0 v0.16.8 h1:xbvXJK7VJegsgbgOpq5AI3AW7aFPNhdxKYN48a3TbAY=
modernc.org/libtcl9.0 v0.16.8/go.mod h1:5a5pa5JYLC1cu2v0ImDEwGGfAIzKqgABl6isllsMP4I=
modernc.org/libtcl9.0 v0.16.9 h1:5UR0GqV/Ay/HftQLIk5PlGyR8DGzltN02Aal7fJDNbc=
modernc.org/libtcl9.0 v0.16.9/go.mod h1:McDgWARybatFw7TMXi5qqJGMni52MhkQswFjqXqSUbk=
modernc.org/libtk9.0 v0.15.0 h1:Utszid60BZ6gNfvAwhkOyI3Lot4ScrVJ2uuHGLl5WOQ=
modernc.org/libtk9.0 v0.15.0/go.mod h1:D6csINNOuk5lLMab20kjhCK0JxQfL02IaAPa9vnj2G4=
modernc.org/libtk9.0 v0.16.8 h1:uHzrg44ewWfGEKyXxzZ+OfwBpWjA3WyNYbSIWRvLNMM=
modernc.org/libtk9.0 v0.16.8/go.mod h1:gu0cvC4CQnGaKq2RV+tCYyUIU5nuFWpjKnZw0BEzveo=
modernc.org/libxcb v0.11.0 h1:MzVt6ETBHfAjQeZYH3J5vKzHn7HihZd3FSKbQb9mK1Y=
modernc.org/libxcb v0.11.0/go.mod h1:Wht2E7ngaJG36GguDTdXkHXItBFPFVXAcN7w8pJW9ug=
modernc.org/libxcb v0.12.2 h1:N5nVW4HCLVGT2y5E3vfGEY6BMRFn4PRH8//DmpolYAI=
modernc.org/libxcb v0.12.2/go.mod h1:PP+9wTGB9E8MPEoVUiRdC1uesfmqFA7iNHEHU6M1rxY=
modernc.org/libxcb v0.12.4 h1:M0lEDapllcL7IIdtTA/mAx9JAnx9ZGDIuvV1cNkgvKM=
modernc.org/libxcb v0.12.4/go.mod h1:upon5vT4E2aBG/LWaCFsz5F5OIOTKxSLoXu9sCtHnBo=
modernc.org/libz v0.16.10 h1:EzVXcQypULQaMZvYCTaUrifHI3w+qJC32tVHhIJME6w=
modernc.org/libz v0.16.10/go.mod h1:aFCUCpH+9uJvjLJfN98nhQz1ibdhZrZG8Pe6ZJeBSIA=
modernc.org/libz v0.16.18 h1:VPAaPnK0+IE1q9tK9QKuSx/JvVB0LIqZJ0zEHq/dB4g=
modernc.org/libz v0.16.18/go.mod h1:ygyLOG0FQOUPlO4zb/81jGsHmftOTfIFhd5qHcG2Eio=
modernc.org/mathutil v1.7.1 h1:GCZVGXdaN8gTqB1Mf/usp1Y/hSqgI2vAGGP4jZMCxOU=
modernc.org/mathutil v1.7.1/go.mod h1:4p5IwJITfppl0G4sUEDtCr4DthTaT47/N3aT6MhfgJg=
modernc.org/memory v1.8.2 h1:cL9L4bcoAObu4NkxOlKWBWtNHIsnnACGF/TbqQ6sbcI=
modernc.org/memory v1.8.2/go.mod h1:ZbjSvMO5NQ1A2i3bWeDiVMxIorXwdClKE/0SZ+BMotU=
modernc.org/memory v1.11.0 h1:o4QC8aMQzmcwCK3t3Ux/ZHmwFPzE6hf2Y5LbkRs+hbI=
modernc.org/memory v1.11.0/go.mod h1:/JP4VbVC+K5sU2wZi9bHoq2MAkCnrt2r98UGeSK7Mjw=
modernc.org/ngrab v0.1.0 h1:21cX4tAIfLNjR4ax7JMfHTz2ztnjVGcCSsztoG6EFMk=
modernc.org/ngrab v0.1.0/go.mod h1:dDGjUip6IXmb5Y5M8RPYD7Sg4S/VdfG5akxK34uYtOE=
modernc.org/opt v0.1.4 h1:2kNGMRiUjrp4LcaPuLY2PzUfqM/w9N23quVwhKt5Qm8=
modernc.org/opt v0.1.4/go.mod h1:03fq9lsNfvkYSfxrfUhZCWPk1lm4cq4N+Bh//bEtgns=
modernc.org/rec v0.3.1 h1:4mh3pdjaTpASWDVQuETe6mACr9QL7WYgd0iTHkCO5JA=
modernc.org/rec v0.3.1/go.mod h1:MC9UAyhDSYlAkWc5x/6HbwkYaP4f/SU8XxvRvtVSYu4=
modernc.org/rec v0.3.4 h1:Xz45MWGOIqFsxUuSqaF5Spe0lFpKhF4CAGouVIz5fr4=
modernc.org/rec v0.3.4/go.mod h1:WuVkIAFWRDdsRcNRbxdv5Bw/uWSOmiVaUegJ5GwAKq0=
modernc.org/regexp v1.7.8 h1:e/X/Uxzs1mNiEN/amrxT+W0cap58jaCLzpXywCCL+dE=
modernc.org/regexp v1.7.8/go.mod h1:DsTv3IO8vq8ahN8IHKJ0s3j5oFNfkBnGN6VuWzr7Afs=
modernc.org/regexp v1.7.9 h1:PnzXQinFBbSiXcLunjHWrKPvZqNmyw0DfdZx0rvvzQo=
modernc.org/regexp v1.7.9/go.mod h1:DsTv3IO8vq8ahN8IHKJ0s3j5oFNfkBnGN6VuWzr7Afs=
modernc.org/scanner v1.2.0 h1:yrqusCGUzLdmZThUOApw5bW+EaQ3W1/pvxEtzkaE9W4=
modernc.org/scanner v1.2.0/go.mod h1:pDSh3vhQZeHFCjpcSzhDsvDIDOku2b/DdagPGXkK35o=
modernc.org/sortutil v1.2.1 h1:+xyoGf15mM3NMlPDnFqrteY07klSFxLElE2PVuWIJ7w=
modernc.org/sortutil v1.2.1/go.mod h1:7ZI3a3REbai7gzCLcotuw9AC4VZVpYMjDzETGsSMqJE=
modernc.org/strutil v1.2.1 h1:UneZBkQA+DX2Rp35KcM69cSsNES9ly8mQWD71HKlOA0=
modernc.org/strutil v1.2.1/go.mod h1:EHkiggD70koQxjVdSBM3JKM7k6L0FbGE5eymy9i3B9A=
modernc.org/tcl9.0 v0.15.25 h1:3xNx26D+vYmSY3K9FaNdPmlHd8Hcz39YGiqsBFCYx5c=
modernc.org/tcl9.0 v0.15.25/go.mod h1:hCbqZz0GQRzN3Xnfn4dKpMCwvA9sfEb+Go++cw1cJ3A=
modernc.org/tcl9.0 v0.16.9 h1:rTG5bnUXeYXWOOHsOMCVYrIFll+ycjvJIS3fZopzNck=
modernc.org/tcl9.0 v0.16.9/go.mod h1:13kjwZeSM64SqSO6ZOUF8AX3FFdmIte7MzVJMLPYk8Q=
modernc.org/tcl9.0 v0.16.12 h1:i+5+m8Arh/yYoPfG3QlDIwxdXN7MScNp7MxE6mIue1o=
modernc.org/tcl9.0 v0.16.12/go.mod h1:6Su8ByZSAkkmBxjLx/lR5/8tC3KWV7RrviW6qepR0p0=
modernc.org/tk9.0 v0.62.3-0.20250304142925-905f79082163 h1:Tz7+lfefxfkrSsDogWH7mA4ibom3wDfczUKXFHWd7ws=
modernc.org/tk9.0 v0.62.3-0.20250304142925-905f79082163/go.mod h1:PUNje2Xx4L10s0xQvuWRn8cEfwQBgBx/UfRhjiin6QY=
modernc.org/tk9.0 v0.70.5 h1:I64aMnyl2z1EtaApdZHZc+THMd8V66wZNPLWRTTJNRk=
modernc.org/tk9.0 v0.70.5/go.mod h1:D2fVpYwtURVp0zxrmZTefdvzHXCgd2ahuIHRQ+JDnSI=
modernc.org/token v1.1.0 h1:Xl7Ap9dKaEs5kLoOQeQmPWevfnk/DM5qcLcYlA8ys6Y=
modernc.org/token v1.1.0/go.mod h1:UGzOrNV1mAFSEB63lOFHIpNRUVMvYTc6yu1SMY/XTDM=
